
Microsoft Visual Studio Solution File, Format Version 12.00
# Visual Studio Version 17
VisualStudioVersion = 17.14.36429.23 d17.14
MinimumVisualStudioVersion = 10.0.40219.1
Project("{2150E333-8FDC-42A3-9474-1A3956D46DE8}") = "Task0", "Task0", "{02EA681E-C7D8-13C7-8484-4AC65E1B71E8}"
EndProject
Project("{2150E333-8FDC-42A3-9474-1A3956D46DE8}") = "Task1", "Task1", "{02380393-D47D-4C54-9168-2D316D5E2DAB}"
EndProject
Project("{2150E333-8FDC-42A3-9474-1A3956D46DE8}") = "Task2", "Task2", "{BD70227D-7DC3-4768-A033-67DFA26C887E}"
EndProject
Project("{2150E333-8FDC-42A3-9474-1A3956D46DE8}") = "Task3", "Task3", "{80073710-713F-4BB8-A27A-2C64CF7C5959}"
EndProject
Project("{2150E333-8FDC-42A3-9474-1A3956D46DE8}") = "Task4", "Task4", "{B66E0F77-49FA-47D6-A9B9-28EF0A4E213F}"
EndProject
Project("{2150E333-8FDC-42A3-9474-1A3956D46DE8}") = "Task5", "Task5", "{F5D001A8-0D68-4D50-9B3A-6795406EA418}"
EndProject
Project("{2150E333-8FDC-42A3-9474-1A3956D46DE8}") = "Task6", "Task6", "{7F86A7C3-2700-4A99-B37A-7EFB475C43CD}"
EndProject
Project("{2150E333-8FDC-42A3-9474-1A3956D46DE8}") = "Task7", "Task7", "{2240FF39-1FF1-48FE-A7C1-E54A662214C2}"
EndProject
Project("{FAE04EC0-301F-11D3-BF4B-00C04F79EFBC}") = "Tyuiu.Tidzhanin.Sprint4.Task0.V9", "Tyuiu.Tidzhanin.Sprint4.Task0.V9\Tyuiu.Tidzhanin.Sprint4.Task0.V9.csproj", "{6BF94E49-0B1C-4527-A145-FDFD6D5085A1}"
EndProject
Project("{FAE04EC0-301F-11D3-BF4B-00C04F79EFBC}") = "Tyuiu.Tidzhanin.Sprint4.Task0.V9.Lib", "Tyuiu.Tidzhanin.Sprint4.Task0.V9.Lib\Tyuiu.Tidzhanin.Sprint4.Task0.V9.Lib.csproj", "{6ED043CA-D5BB-427B-9567-9819AFDE6336}"
EndProject
Project("{FAE04EC0-301F-11D3-BF4B-00C04F79EFBC}") = "Tyuiu.Tidzhanin.Sprint4.Task0.V9.Test", "Tyuiu.Tidzhanin.Sprint4.Task0.V9.Test\Tyuiu.Tidzhanin.Sprint4.Task0.V9.Test.csproj", "{CD300425-3804-4797-B44E-7C56653C8601}"
EndProject
Project("{FAE04EC0-301F-11D3-BF4B-00C04F79EFBC}") = "Tyuiu.Tidzhanin.Sprint4.Task1.V1", "Tyuiu.Tidzhanin.Sprint4.Task1.V1\Tyuiu.Tidzhanin.Sprint4.Task1.V1.csproj", "{1059552D-A8B7-4E40-84D1-25D7E7FDDAFD}"
EndProject
Project("{FAE04EC0-301F-11D3-BF4B-00C04F79EFBC}") = "Tyuiu.Tidzhanin.Sprint4.Task1.V1.Lib", "Tyuiu.Tidzhanin.Sprint4.Task1.V1.Lib\Tyuiu.Tidzhanin.Sprint4.Task1.V1.Lib.csproj", "{5DAFF68A-15D8-441C-AC32-5F5EA3EC36DB}"
EndProject
Project("{FAE04EC0-301F-11D3-BF4B-00C04F79EFBC}") = "Tyuiu.Tidzhanin.Sprint4.Task1.V1.Test", "Tyuiu.Tidzhanin.Sprint4.Task1.V1.Test\Tyuiu.Tidzhanin.Sprint4.Task1.V1.Test.csproj", "{2F550734-88DB-4FCA-A80B-F66944A25D74}"
EndProject
Project("{FAE04EC0-301F-11D3-BF4B-00C04F79EFBC}") = "Tyuiu.Tidzhanin.Sprint4.Task2.V17", "Tyuiu.Tidzhanin.Sprint4.Task2.V17\Tyuiu.Tidzhanin.Sprint4.Task2.V17.csproj", "{61DB7AE1-C670-44A2-B1E5-E6FD8803FA54}"
EndProject
Project("{FAE04EC0-301F-11D3-BF4B-00C04F79EFBC}") = "Tyuiu.Tidzhanin.Sprint4.Task2.V17.Lib", "Tyuiu.Tidzhanin.Sprint4.Task2.V17.Lib\Tyuiu.Tidzhanin.Sprint4.Task2.V17.Lib.csproj", "{31703E46-0ABE-4C97-A21C-3603A31B9217}"
EndProject
Project("{FAE04EC0-301F-11D3-BF4B-00C04F79EFBC}") = "Tyuiu.Tidzhanin.Sprint4.Task2.V17.Test", "Tyuiu.Tidzhanin.Sprint4.Task2.V17.Test\Tyuiu.Tidzhanin.Sprint4.Task2.V17.Test.csproj", "{65A76DAA-FED0-4C9D-8BAB-6BAE649D0B98}"
EndProject
Project("{FAE04EC0-301F-11D3-BF4B-00C04F79EFBC}") = "Tyuiu.Tidzhanin.Sprint4.Task3.V14", "Tyuiu.Tidzhanin.Sprint4.Task3.V14\Tyuiu.Tidzhanin.Sprint4.Task3.V14.csproj", "{C4DFCC29-E080-4BD8-8EFE-C9779A83A30F}"
EndProject
Project("{FAE04EC0-301F-11D3-BF4B-00C04F79EFBC}") = "Tyuiu.Tidzhanin.Sprint4.Task3.V14.Lib", "Tyuiu.Tidzhanin.Sprint4.Task3.V14.Lib\Tyuiu.Tidzhanin.Sprint4.Task3.V14.Lib.csproj", "{3914FDB1-3C07-496C-A174-1C37DC6284DB}"
EndProject
Project("{FAE04EC0-301F-11D3-BF4B-00C04F79EFBC}") = "Tyuiu.Tidzhanin.Sprint4.Task3.V14.Test", "Tyuiu.Tidzhanin.Sprint4.Task3.V14.Test\Tyuiu.Tidzhanin.Sprint4.Task3.V14.Test.csproj", "{5AA70C48-FC75-4BDF-BA69-FF0518CBE6B1}"
EndProject
Project("{FAE04EC0-301F-11D3-BF4B-00C04F79EFBC}") = "Tyuiu.Tidzhanin.Sprint4.Task4.V12", "Tyuiu.Tidzhanin.Sprint4.Task4.V12\Tyuiu.Tidzhanin.Sprint4.Task4.V12.csproj", "{80FBCBB7-C06C-40E7-9482-C83E320DB442}"
EndProject
Project("{FAE04EC0-301F-11D3-BF4B-00C04F79EFBC}") = "Tyuiu.Tidzhanin.Sprint4.Task4.V12.Lib", "Tyuiu.Tidzhanin.Sprint4.Task4.V12.Lib\Tyuiu.Tidzhanin.Sprint4.Task4.V12.Lib.csproj", "{C56AA0C2-9B84-4715-B185-57CABBDE38B6}"
EndProject
Project("{FAE04EC0-301F-11D3-BF4B-00C04F79EFBC}") = "Tyuiu.Tidzhanin.Sprint4.Task4.V12.Test", "Tyuiu.Tidzhanin.Sprint4.Task4.V12.Test\Tyuiu.Tidzhanin.Sprint4.Task4.V12.Test.csproj", "{0C530552-CED2-4263-91DF-25E45B238BA3}"
EndProject
Project("{FAE04EC0-301F-11D3-BF4B-00C04F79EFBC}") = "Tyuiu.Tidzhanin.Sprint4.Task5.V28", "Tyuiu.Tidzhanin.Sprint4.Task5.V28\Tyuiu.Tidzhanin.Sprint4.Task5.V28.csproj", "{A50C7418-85D7-4BCF-8189-C84A14A0D84F}"
EndProject
Project("{FAE04EC0-301F-11D3-BF4B-00C04F79EFBC}") = "Tyuiu.Tidzhanin.Sprint4.Task5.V28.Lib", "Tyuiu.Tidzhanin.Sprint4.Task5.V28.Lib\Tyuiu.Tidzhanin.Sprint4.Task5.V28.Lib.csproj", "{1D522F1C-767E-475B-9937-260EDB537821}"
EndProject
Project("{FAE04EC0-301F-11D3-BF4B-00C04F79EFBC}") = "Tyuiu.Tidzhanin.Sprint4.Task5.V28.Test", "Tyuiu.Tidzhanin.Sprint4.Task5.V28.Test\Tyuiu.Tidzhanin.Sprint4.Task5.V28.Test.csproj", "{40A2E4D6-1BC6-44BC-9599-0714805083EE}"
EndProject
Project("{FAE04EC0-301F-11D3-BF4B-00C04F79EFBC}") = "Tyuiu.Tidzhanin.Sprint4.Task6.V6", "Tyuiu.Tidzhanin.Sprint4.Task6.V6\Tyuiu.Tidzhanin.Sprint4.Task6.V6.csproj", "{A8AE2E6E-5B4A-4447-9980-086BCDD1FD40}"
EndProject
Project("{FAE04EC0-301F-11D3-BF4B-00C04F79EFBC}") = "Tyuiu.Tidzhanin.Sprint4.Task6.V6.Lib", "Tyuiu.Tidzhanin.Sprint4.Task6.V6.Lib\Tyuiu.Tidzhanin.Sprint4.Task6.V6.Lib.csproj", "{4195A761-B33A-47E0-A197-2C07C4CEA84A}"
EndProject
Project("{FAE04EC0-301F-11D3-BF4B-00C04F79EFBC}") = "Tyuiu.Tidzhanin.Sprint4.Task6.V6.Test", "Tyuiu.Tidzhanin.Sprint4.Task6.V6.Test\Tyuiu.Tidzhanin.Sprint4.Task6.V6.Test.csproj", "{CC46A7E2-C8BE-42A1-B5AC-4947F0F361EB}"
EndProject
Global
	GlobalSection(SolutionConfigurationPlatforms) = preSolution
		Debug|Any CPU = Debug|Any CPU
		Release|Any CPU = Release|Any CPU
	EndGlobalSection
	GlobalSection(ProjectConfigurationPlatforms) = postSolution
		{6BF94E49-0B1C-4527-A145-FDFD6D5085A1}.Debug|Any CPU.ActiveCfg = Debug|Any CPU
		{6BF94E49-0B1C-4527-A145-FDFD6D5085A1}.Debug|Any CPU.Build.0 = Debug|Any CPU
		{6BF94E49-0B1C-4527-A145-FDFD6D5085A1}.Release|Any CPU.ActiveCfg = Release|Any CPU
		{6BF94E49-0B1C-4527-A145-FDFD6D5085A1}.Release|Any CPU.Build.0 = Release|Any CPU
		{6ED043CA-D5BB-427B-9567-9819AFDE6336}.Debug|Any CPU.ActiveCfg = Debug|Any CPU
		{6ED043CA-D5BB-427B-9567-9819AFDE6336}.Debug|Any CPU.Build.0 = Debug|Any CPU
		{6ED043CA-D5BB-427B-9567-9819AFDE6336}.Release|Any CPU.ActiveCfg = Release|Any CPU
		{6ED043CA-D5BB-427B-9567-9819AFDE6336}.Release|Any CPU.Build.0 = Release|Any CPU
		{CD300425-3804-4797-B44E-7C56653C8601}.Debug|Any CPU.ActiveCfg = Debug|Any CPU
		{CD300425-3804-4797-B44E-7C56653C8601}.Debug|Any CPU.Build.0 = Debug|Any CPU
		{CD300425-3804-4797-B44E-7C56653C8601}.Release|Any CPU.ActiveCfg = Release|Any CPU
		{CD300425-3804-4797-B44E-7C56653C8601}.Release|Any CPU.Build.0 = Release|Any CPU
		{1059552D-A8B7-4E40-84D1-25D7E7FDDAFD}.Debug|Any CPU.ActiveCfg = Debug|Any CPU
		{1059552D-A8B7-4E40-84D1-25D7E7FDDAFD}.Debug|Any CPU.Build.0 = Debug|Any CPU
		{1059552D-A8B7-4E40-84D1-25D7E7FDDAFD}.Release|Any CPU.ActiveCfg = Release|Any CPU
		{1059552D-A8B7-4E40-84D1-25D7E7FDDAFD}.Release|Any CPU.Build.0 = Release|Any CPU
		{5DAFF68A-15D8-441C-AC32-5F5EA3EC36DB}.Debug|Any CPU.ActiveCfg = Debug|Any CPU
		{5DAFF68A-15D8-441C-AC32-5F5EA3EC36DB}.Debug|Any CPU.Build.0 = Debug|Any CPU
		{5DAFF68A-15D8-441C-AC32-5F5EA3EC36DB}.Release|Any CPU.ActiveCfg = Release|Any CPU
		{5DAFF68A-15D8-441C-AC32-5F5EA3EC36DB}.Release|Any CPU.Build.0 = Release|Any CPU
		{2F550734-88DB-4FCA-A80B-F66944A25D74}.Debug|Any CPU.ActiveCfg = Debug|Any CPU
		{2F550734-88DB-4FCA-A80B-F66944A25D74}.Debug|Any CPU.Build.0 = Debug|Any CPU
		{2F550734-88DB-4FCA-A80B-F66944A25D74}.Release|Any CPU.ActiveCfg = Release|Any CPU
		{2F550734-88DB-4FCA-A80B-F66944A25D74}.Release|Any CPU.Build.0 = Release|Any CPU
		{61DB7AE1-C670-44A2-B1E5-E6FD8803FA54}.Debug|Any CPU.ActiveCfg = Debug|Any CPU
		{61DB7AE1-C670-44A2-B1E5-E6FD8803FA54}.Debug|Any CPU.Build.0 = Debug|Any CPU
		{61DB7AE1-C670-44A2-B1E5-E6FD8803FA54}.Release|Any CPU.ActiveCfg = Release|Any CPU
		{61DB7AE1-C670-44A2-B1E5-E6FD8803FA54}.Release|Any CPU.Build.0 = Release|Any CPU
		{31703E46-0ABE-4C97-A21C-3603A31B9217}.Debug|Any CPU.ActiveCfg = Debug|Any CPU
		{31703E46-0ABE-4C97-A21C-3603A31B9217}.Debug|Any CPU.Build.0 = Debug|Any CPU
		{31703E46-0ABE-4C97-A21C-3603A31B9217}.Release|Any CPU.ActiveCfg = Release|Any CPU
		{31703E46-0ABE-4C97-A21C-3603A31B9217}.Release|Any CPU.Build.0 = Release|Any CPU
		{65A76DAA-FED0-4C9D-8BAB-6BAE649D0B98}.Debug|Any CPU.ActiveCfg = Debug|Any CPU
		{65A76DAA-FED0-4C9D-8BAB-6BAE649D0B98}.Debug|Any CPU.Build.0 = Debug|Any CPU
		{65A76DAA-FED0-4C9D-8BAB-6BAE649D0B98}.Release|Any CPU.ActiveCfg = Release|Any CPU
		{65A76DAA-FED0-4C9D-8BAB-6BAE649D0B98}.Release|Any CPU.Build.0 = Release|Any CPU
		{C4DFCC29-E080-4BD8-8EFE-C9779A83A30F}.Debug|Any CPU.ActiveCfg = Debug|Any CPU
		{C4DFCC29-E080-4BD8-8EFE-C9779A83A30F}.Debug|Any CPU.Build.0 = Debug|Any CPU
		{C4DFCC29-E080-4BD8-8EFE-C9779A83A30F}.Release|Any CPU.ActiveCfg = Release|Any CPU
		{C4DFCC29-E080-4BD8-8EFE-C9779A83A30F}.Release|Any CPU.Build.0 = Release|Any CPU
		{3914FDB1-3C07-496C-A174-1C37DC6284DB}.Debug|Any CPU.ActiveCfg = Debug|Any CPU
		{3914FDB1-3C07-496C-A174-1C37DC6284DB}.Debug|Any CPU.Build.0 = Debug|Any CPU
		{3914FDB1-3C07-496C-A174-1C37DC6284DB}.Release|Any CPU.ActiveCfg = Release|Any CPU
		{3914FDB1-3C07-496C-A174-1C37DC6284DB}.Release|Any CPU.Build.0 = Release|Any CPU
		{5AA70C48-FC75-4BDF-BA69-FF0518CBE6B1}.Debug|Any CPU.ActiveCfg = Debug|Any CPU
		{5AA70C48-FC75-4BDF-BA69-FF0518CBE6B1}.Debug|Any CPU.Build.0 = Debug|Any CPU
		{5AA70C48-FC75-4BDF-BA69-FF0518CBE6B1}.Release|Any CPU.ActiveCfg = Release|Any CPU
		{5AA70C48-FC75-4BDF-BA69-FF0518CBE6B1}.Release|Any CPU.Build.0 = Release|Any CPU
		{80FBCBB7-C06C-40E7-9482-C83E320DB442}.Debug|Any CPU.ActiveCfg = Debug|Any CPU
		{80FBCBB7-C06C-40E7-9482-C83E320DB442}.Debug|Any CPU.Build.0 = Debug|Any CPU
		{80FBCBB7-C06C-40E7-9482-C83E320DB442}.Release|Any CPU.ActiveCfg = Release|Any CPU
		{80FBCBB7-C06C-40E7-9482-C83E320DB442}.Release|Any CPU.Build.0 = Release|Any CPU
		{C56AA0C2-9B84-4715-B185-57CABBDE38B6}.Debug|Any CPU.ActiveCfg = Debug|Any CPU
		{C56AA0C2-9B84-4715-B185-57CABBDE38B6}.Debug|Any CPU.Build.0 = Debug|Any CPU
		{C56AA0C2-9B84-4715-B185-57CABBDE38B6}.Release|Any CPU.ActiveCfg = Release|Any CPU
		{C56AA0C2-9B84-4715-B185-57CABBDE38B6}.Release|Any CPU.Build.0 = Release|Any CPU
		{0C530552-CED2-4263-91DF-25E45B238BA3}.Debug|Any CPU.ActiveCfg = Debug|Any CPU
		{0C530552-CED2-4263-91DF-25E45B238BA3}.Debug|Any CPU.Build.0 = Debug|Any CPU
		{0C530552-CED2-4263-91DF-25E45B238BA3}.Release|Any CPU.ActiveCfg = Release|Any CPU
		{0C530552-CED2-4263-91DF-25E45B238BA3}.Release|Any CPU.Build.0 = Release|Any CPU
		{A50C7418-85D7-4BCF-8189-C84A14A0D84F}.Debug|Any CPU.ActiveCfg = Debug|Any CPU
		{A50C7418-85D7-4BCF-8189-C84A14A0D84F}.Debug|Any CPU.Build.0 = Debug|Any CPU
		{A50C7418-85D7-4BCF-8189-C84A14A0D84F}.Release|Any CPU.ActiveCfg = Release|Any CPU
		{A50C7418-85D7-4BCF-8189-C84A14A0D84F}.Release|Any CPU.Build.0 = Release|Any CPU
		{1D522F1C-767E-475B-9937-260EDB537821}.Debug|Any CPU.ActiveCfg = Debug|Any CPU
		{1D522F1C-767E-475B-9937-260EDB537821}.Debug|Any CPU.Build.0 = Debug|Any CPU
		{1D522F1C-767E-475B-9937-260EDB537821}.Release|Any CPU.ActiveCfg = Release|Any CPU
		{1D522F1C-767E-475B-9937-260EDB537821}.Release|Any CPU.Build.0 = Release|Any CPU
		{40A2E4D6-1BC6-44BC-9599-0714805083EE}.Debug|Any CPU.ActiveCfg = Debug|Any CPU
		{40A2E4D6-1BC6-44BC-9599-0714805083EE}.Debug|Any CPU.Build.0 = Debug|Any CPU
		{40A2E4D6-1BC6-44BC-9599-0714805083EE}.Release|Any CPU.ActiveCfg = Release|Any CPU
		{40A2E4D6-1BC6-44BC-9599-0714805083EE}.Release|Any CPU.Build.0 = Release|Any CPU
		{A8AE2E6E-5B4A-4447-9980-086BCDD1FD40}.Debug|Any CPU.ActiveCfg = Debug|Any CPU
		{A8AE2E6E-5B4A-4447-9980-086BCDD1FD40}.Debug|Any CPU.Build.0 = Debug|Any CPU
		{A8AE2E6E-5B4A-4447-9980-086BCDD1FD40}.Release|Any CPU.ActiveCfg = Release|Any CPU
		{A8AE2E6E-5B4A-4447-9980-086BCDD1FD40}.Release|Any CPU.Build.0 = Release|Any CPU
		{4195A761-B33A-47E0-A197-2C07C4CEA84A}.Debug|Any CPU.ActiveCfg = Debug|Any CPU
		{4195A761-B33A-47E0-A197-2C07C4CEA84A}.Debug|Any CPU.Build.0 = Debug|Any CPU
		{4195A761-B33A-47E0-A197-2C07C4CEA84A}.Release|Any CPU.ActiveCfg = Release|Any CPU
		{4195A761-B33A-47E0-A197-2C07C4CEA84A}.Release|Any CPU.Build.0 = Release|Any CPU
		{CC46A7E2-C8BE-42A1-B5AC-4947F0F361EB}.Debug|Any CPU.ActiveCfg = Debug|Any CPU
		{CC46A7E2-C8BE-42A1-B5AC-4947F0F361EB}.Debug|Any CPU.Build.0 = Debug|Any CPU
		{CC46A7E2-C8BE-42A1-B5AC-4947F0F361EB}.Release|Any CPU.ActiveCfg = Release|Any CPU
		{CC46A7E2-C8BE-42A1-B5AC-4947F0F361EB}.Release|Any CPU.Build.0 = Release|Any CPU
	EndGlobalSection
	GlobalSection(SolutionProperties) = preSolution
		HideSolutionNode = FALSE
	EndGlobalSection
	GlobalSection(NestedProjects) = preSolution
		{6BF94E49-0B1C-4527-A145-FDFD6D5085A1} = {02EA681E-C7D8-13C7-8484-4AC65E1B71E8}
		{6ED043CA-D5BB-427B-9567-9819AFDE6336} = {02EA681E-C7D8-13C7-8484-4AC65E1B71E8}
		{CD300425-3804-4797-B44E-7C56653C8601} = {02EA681E-C7D8-13C7-8484-4AC65E1B71E8}
		{1059552D-A8B7-4E40-84D1-25D7E7FDDAFD} = {02380393-D47D-4C54-9168-2D316D5E2DAB}
		{5DAFF68A-15D8-441C-AC32-5F5EA3EC36DB} = {02380393-D47D-4C54-9168-2D316D5E2DAB}
		{2F550734-88DB-4FCA-A80B-F66944A25D74} = {02380393-D47D-4C54-9168-2D316D5E2DAB}
		{61DB7AE1-C670-44A2-B1E5-E6FD8803FA54} = {BD70227D-7DC3-4768-A033-67DFA26C887E}
		{31703E46-0ABE-4C97-A21C-3603A31B9217} = {BD70227D-7DC3-4768-A033-67DFA26C887E}
		{65A76DAA-FED0-4C9D-8BAB-6BAE649D0B98} = {BD70227D-7DC3-4768-A033-67DFA26C887E}
		{C4DFCC29-E080-4BD8-8EFE-C9779A83A30F} = {80073710-713F-4BB8-A27A-2C64CF7C5959}
		{3914FDB1-3C07-496C-A174-1C37DC6284DB} = {80073710-713F-4BB8-A27A-2C64CF7C5959}
		{5AA70C48-FC75-4BDF-BA69-FF0518CBE6B1} = {80073710-713F-4BB8-A27A-2C64CF7C5959}
		{80FBCBB7-C06C-40E7-9482-C83E320DB442} = {B66E0F77-49FA-47D6-A9B9-28EF0A4E213F}
		{C56AA0C2-9B84-4715-B185-57CABBDE38B6} = {B66E0F77-49FA-47D6-A9B9-28EF0A4E213F}
		{0C530552-CED2-4263-91DF-25E45B238BA3} = {B66E0F77-49FA-47D6-A9B9-28EF0A4E213F}
		{A50C7418-85D7-4BCF-8189-C84A14A0D84F} = {F5D001A8-0D68-4D50-9B3A-6795406EA418}
		{1D522F1C-767E-475B-9937-260EDB537821} = {F5D001A8-0D68-4D50-9B3A-6795406EA418}
		{40A2E4D6-1BC6-44BC-9599-0714805083EE} = {F5D001A8-0D68-4D50-9B3A-6795406EA418}
		{A8AE2E6E-5B4A-4447-9980-086BCDD1FD40} = {7F86A7C3-2700-4A99-B37A-7EFB475C43CD}
		{4195A761-B33A-47E0-A197-2C07C4CEA84A} = {7F86A7C3-2700-4A99-B37A-7EFB475C43CD}
		{CC46A7E2-C8BE-42A1-B5AC-4947F0F361EB} = {7F86A7C3-2700-4A99-B37A-7EFB475C43CD}
	EndGlobalSection
	GlobalSection(ExtensibilityGlobals) = postSolution
		SolutionGuid = {2D153D13-7210-41DD-8A30-1CF26B1153BC}
	EndGlobalSection
EndGlobal
